
Microsoft Visual Studio Solution File, Format Version 12.00
# Visual Studio 2015
Project("{FAE04EC0-301F-11D3-BF4B-00C04F79EFBC}") = "H29Team007.CSharp.Plugins", "H29Team007.CSharp.Plugins.csproj", "{A375B341-4ED8-FA9B-96AD-0367FED23977}"
EndProject
Project("{FAE04EC0-301F-11D3-BF4B-00C04F79EFBC}") = "H29Team007.CSharp", "H29Team007.CSharp.csproj", "{337E0CA1-ACFC-4589-7599-914780B44D55}"
EndProject
Project("{FAE04EC0-301F-11D3-BF4B-00C04F79EFBC}") = "H29Team007.CSharp.Editor", "H29Team007.CSharp.Editor.csproj", "{95106EF5-5315-ABAC-C543-4C89C8707056}"
EndProject
Global
	GlobalSection(SolutionConfigurationPlatforms) = preSolution
		Debug|Any CPU = Debug|Any CPU
		Release|Any CPU = Release|Any CPU
	EndGlobalSection
	GlobalSection(ProjectConfigurationPlatforms) = postSolution
		{A375B341-4ED8-FA9B-96AD-0367FED23977}.Debug|Any CPU.ActiveCfg = Debug|Any CPU
		{A375B341-4ED8-FA9B-96AD-0367FED23977}.Debug|Any CPU.Build.0 = Debug|Any CPU
		{A375B341-4ED8-FA9B-96AD-0367FED23977}.Release|Any CPU.ActiveCfg = Release|Any CPU
		{A375B341-4ED8-FA9B-96AD-0367FED23977}.Release|Any CPU.Build.0 = Release|Any CPU
		{337E0CA1-ACFC-4589-7599-914780B44D55}.Debug|Any CPU.ActiveCfg = Debug|Any CPU
		{337E0CA1-ACFC-4589-7599-914780B44D55}.Debug|Any CPU.Build.0 = Debug|Any CPU
		{337E0CA1-ACFC-4589-7599-914780B44D55}.Release|Any CPU.ActiveCfg = Release|Any CPU
		{337E0CA1-ACFC-4589-7599-914780B44D55}.Release|Any CPU.Build.0 = Release|Any CPU
		{95106EF5-5315-ABAC-C543-4C89C8707056}.Debug|Any CPU.ActiveCfg = Debug|Any CPU
		{95106EF5-5315-ABAC-C543-4C89C8707056}.Debug|Any CPU.Build.0 = Debug|Any CPU
		{95106EF5-5315-ABAC-C543-4C89C8707056}.Release|Any CPU.ActiveCfg = Release|Any CPU
		{95106EF5-5315-ABAC-C543-4C89C8707056}.Release|Any CPU.Build.0 = Release|Any CPU
	EndGlobalSection
	GlobalSection(SolutionProperties) = preSolution
		HideSolutionNode = FALSE
	EndGlobalSection
EndGlobal
